
Microsoft Visual Studio Solution File, Format Version 12.00
# Visual Studio Version 17
VisualStudioVersion = 17.4.33213.308
MinimumVisualStudioVersion = 10.0.40219.1
Project("{FAE04EC0-301F-11D3-BF4B-00C04F79EFBC}") = "ColorTheme", "ColorTheme.csproj", "{88E9379B-0599-4AD8-AF3A-713EAB3CC133}"
EndProject
Global
	GlobalSection(SolutionConfigurationPlatforms) = preSolution
		Debug|Any CPU = Debug|Any CPU
		Release|Any CPU = Release|Any CPU
	EndGlobalSection
	GlobalSection(ProjectConfigurationPlatforms) = postSolution
		{88E9379B-0599-4AD8-AF3A-713EAB3CC133}.Debug|Any CPU.ActiveCfg = Debug|Any CPU
		{88E9379B-0599-4AD8-AF3A-713EAB3CC133}.Debug|Any CPU.Build.0 = Debug|Any CPU
		{88E9379B-0599-4AD8-AF3A-713EAB3CC133}.Release|Any CPU.ActiveCfg = Release|Any CPU
		{88E9379B-0599-4AD8-AF3A-713EAB3CC133}.Release|Any CPU.Build.0 = Release|Any CPU
	EndGlobalSection
	GlobalSection(SolutionProperties) = preSolution
		HideSolutionNode = FALSE
	EndGlobalSection
	GlobalSection(ExtensibilityGlobals) = postSolution
		SolutionGuid = {DEBE5DCE-2A0A-4BC8-90D3-009494B6B7CA}
	EndGlobalSection
EndGlobal
