
Microsoft Visual Studio Solution File, Format Version 12.00
# Visual Studio Version 17
VisualStudioVersion = 17.4.33213.308
MinimumVisualStudioVersion = 10.0.40219.1
Project("{FAE04EC0-301F-11D3-BF4B-00C04F79EFBC}") = "Production Worker App", "Production Worker App.csproj", "{FC127C39-13E8-44D4-9BD4-3446D715433D}"
EndProject
Global
	GlobalSection(SolutionConfigurationPlatforms) = preSolution
		Debug|Any CPU = Debug|Any CPU
		Release|Any CPU = Release|Any CPU
	EndGlobalSection
	GlobalSection(ProjectConfigurationPlatforms) = postSolution
		{FC127C39-13E8-44D4-9BD4-3446D715433D}.Debug|Any CPU.ActiveCfg = Debug|Any CPU
		{FC127C39-13E8-44D4-9BD4-3446D715433D}.Debug|Any CPU.Build.0 = Debug|Any CPU
		{FC127C39-13E8-44D4-9BD4-3446D715433D}.Release|Any CPU.ActiveCfg = Release|Any CPU
		{FC127C39-13E8-44D4-9BD4-3446D715433D}.Release|Any CPU.Build.0 = Release|Any CPU
	EndGlobalSection
	GlobalSection(SolutionProperties) = preSolution
		HideSolutionNode = FALSE
	EndGlobalSection
	GlobalSection(ExtensibilityGlobals) = postSolution
		SolutionGuid = {F2C95921-2DE5-4487-8683-8D05099F2875}
	EndGlobalSection
EndGlobal
