
Microsoft Visual Studio Solution File, Format Version 12.00
# Visual Studio Version 17
VisualStudioVersion = 17.4.33213.308
MinimumVisualStudioVersion = 10.0.40219.1
Project("{FAE04EC0-301F-11D3-BF4B-00C04F79EFBC}") = "DriversLicenseExam", "DriversLicenseExam.csproj", "{138B73F1-2A5C-4807-9531-2EAA4941CEE2}"
EndProject
Global
	GlobalSection(SolutionConfigurationPlatforms) = preSolution
		Debug|Any CPU = Debug|Any CPU
		Release|Any CPU = Release|Any CPU
	EndGlobalSection
	GlobalSection(ProjectConfigurationPlatforms) = postSolution
		{138B73F1-2A5C-4807-9531-2EAA4941CEE2}.Debug|Any CPU.ActiveCfg = Debug|Any CPU
		{138B73F1-2A5C-4807-9531-2EAA4941CEE2}.Debug|Any CPU.Build.0 = Debug|Any CPU
		{138B73F1-2A5C-4807-9531-2EAA4941CEE2}.Release|Any CPU.ActiveCfg = Release|Any CPU
		{138B73F1-2A5C-4807-9531-2EAA4941CEE2}.Release|Any CPU.Build.0 = Release|Any CPU
	EndGlobalSection
	GlobalSection(SolutionProperties) = preSolution
		HideSolutionNode = FALSE
	EndGlobalSection
	GlobalSection(ExtensibilityGlobals) = postSolution
		SolutionGuid = {8D4558A0-F3BC-46DB-B71B-745ED97D21CB}
	EndGlobalSection
EndGlobal
