
Microsoft Visual Studio Solution File, Format Version 12.00
# Visual Studio Version 17
VisualStudioVersion = 17.4.33213.308
MinimumVisualStudioVersion = 10.0.40219.1
Project("{FAE04EC0-301F-11D3-BF4B-00C04F79EFBC}") = "My First Project", "My First Project.csproj", "{24F3CE00-F883-403A-8515-F6CBEE0F7A2D}"
EndProject
Global
	GlobalSection(SolutionConfigurationPlatforms) = preSolution
		Debug|Any CPU = Debug|Any CPU
		Release|Any CPU = Release|Any CPU
	EndGlobalSection
	GlobalSection(ProjectConfigurationPlatforms) = postSolution
		{24F3CE00-F883-403A-8515-F6CBEE0F7A2D}.Debug|Any CPU.ActiveCfg = Debug|Any CPU
		{24F3CE00-F883-403A-8515-F6CBEE0F7A2D}.Debug|Any CPU.Build.0 = Debug|Any CPU
		{24F3CE00-F883-403A-8515-F6CBEE0F7A2D}.Release|Any CPU.ActiveCfg = Release|Any CPU
		{24F3CE00-F883-403A-8515-F6CBEE0F7A2D}.Release|Any CPU.Build.0 = Release|Any CPU
	EndGlobalSection
	GlobalSection(SolutionProperties) = preSolution
		HideSolutionNode = FALSE
	EndGlobalSection
	GlobalSection(ExtensibilityGlobals) = postSolution
		SolutionGuid = {09BC576C-61BE-4FCD-A728-B1C4EB79091A}
	EndGlobalSection
EndGlobal
